
Microsoft Visual Studio Solution File, Format Version 12.00
# Visual Studio Version 17
VisualStudioVersion = 17.3.32811.315
MinimumVisualStudioVersion = 10.0.40219.1
Project("{2150E333-8FDC-42A3-9474-1A3956D46DE8}") = "src", "src", "{CA9AC87F-097E-4F15-8393-4BC07735A5B0}"
EndProject
Project("{9A19103F-16F7-4668-BE54-9A1E7A4F7556}") = "Volo.Abp.AspNetCore.Components.Web.BasicTheme", "packages\Volo.Abp.AspNetCore.Components.Web.BasicTheme\Volo.Abp.AspNetCore.Components.Web.BasicTheme.csproj", "{7E711CDC-8306-4C4E-A763-BA5DF688E355}"
EndProject
Project("{9A19103F-16F7-4668-BE54-9A1E7A4F7556}") = "Volo.Abp.AspNetCore.Components.WebAssembly.BasicTheme", "packages\Volo.Abp.AspNetCore.Components.WebAssembly.BasicTheme\Volo.Abp.AspNetCore.Components.WebAssembly.BasicTheme.csproj", "{EC1D1398-C807-4E6D-B79A-2D57C7DA9FAB}"
EndProject
Project("{2150E333-8FDC-42A3-9474-1A3956D46DE8}") = "test", "test", "{04DBDB01-70F4-4E06-B468-8F87850B22BE}"
EndProject
Project("{9A19103F-16F7-4668-BE54-9A1E7A4F7556}") = "SuperAbp.Exam.Application.Tests", "test\SuperAbp.Exam.Application.Tests\SuperAbp.Exam.Application.Tests.csproj", "{50B2631D-129C-47B3-A587-029CCD6099BC}"
EndProject
Project("{9A19103F-16F7-4668-BE54-9A1E7A4F7556}") = "SuperAbp.Exam.EntityFrameworkCore.Tests", "test\SuperAbp.Exam.EntityFrameworkCore.Tests\SuperAbp.Exam.EntityFrameworkCore.Tests.csproj", "{1FE30EB9-74A9-47F5-A9F6-7B1FAB672D81}"
EndProject
Project("{9A19103F-16F7-4668-BE54-9A1E7A4F7556}") = "SuperAbp.Exam.TestBase", "test\SuperAbp.Exam.TestBase\SuperAbp.Exam.TestBase.csproj", "{91853F21-9CD9-4132-BC29-A7D5D84FFFE7}"
EndProject
Project("{9A19103F-16F7-4668-BE54-9A1E7A4F7556}") = "SuperAbp.Exam.Domain.Tests", "test\SuperAbp.Exam.Domain.Tests\SuperAbp.Exam.Domain.Tests.csproj", "{E512F4D9-9375-480F-A2F6-A46509F9D824}"
EndProject
Project("{2150E333-8FDC-42A3-9474-1A3956D46DE8}") = "admin", "admin", "{828EF445-0C48-483F-85A3-DF3DE3FC93DF}"
EndProject
Project("{2150E333-8FDC-42A3-9474-1A3956D46DE8}") = "domain", "domain", "{223EBA88-6218-4B30-B1A8-535356ED0F6E}"
EndProject
Project("{2150E333-8FDC-42A3-9474-1A3956D46DE8}") = "public", "public", "{7817B89A-5842-462B-92DF-4F862C5BFA9F}"
EndProject
Project("{9A19103F-16F7-4668-BE54-9A1E7A4F7556}") = "SuperAbp.Exam.Admin.Application", "src\SuperAbp.Exam.Admin.Application\SuperAbp.Exam.Admin.Application.csproj", "{BC5BFB6A-164A-4000-B647-8086D8CB0BC0}"
EndProject
Project("{9A19103F-16F7-4668-BE54-9A1E7A4F7556}") = "SuperAbp.Exam.Admin.Application.Contracts", "src\SuperAbp.Exam.Admin.Application.Contracts\SuperAbp.Exam.Admin.Application.Contracts.csproj", "{D52D89FF-7835-4074-A781-BBBBFE7BAA8C}"
EndProject
Project("{9A19103F-16F7-4668-BE54-9A1E7A4F7556}") = "SuperAbp.Exam.Admin.HttpApi", "src\SuperAbp.Exam.Admin.HttpApi\SuperAbp.Exam.Admin.HttpApi.csproj", "{6F05C540-A941-4CB2-830E-EB75CBEED6F0}"
EndProject
Project("{9A19103F-16F7-4668-BE54-9A1E7A4F7556}") = "SuperAbp.Exam.Admin.HttpApi.Host", "src\SuperAbp.Exam.Admin.HttpApi.Host\SuperAbp.Exam.Admin.HttpApi.Host.csproj", "{5F290B50-3CF6-40C7-A36D-C32A236C9352}"
EndProject
Project("{9A19103F-16F7-4668-BE54-9A1E7A4F7556}") = "SuperAbp.Exam.Domain", "src\SuperAbp.Exam.Domain\SuperAbp.Exam.Domain.csproj", "{5429A0C1-F3D3-46DF-A63A-2A771AF9974C}"
EndProject
Project("{9A19103F-16F7-4668-BE54-9A1E7A4F7556}") = "SuperAbp.Exam.Domain.Shared", "src\SuperAbp.Exam.Domain.Shared\SuperAbp.Exam.Domain.Shared.csproj", "{E4C3D6D1-421F-423B-8EAB-8D34C24178C5}"
EndProject
Project("{9A19103F-16F7-4668-BE54-9A1E7A4F7556}") = "SuperAbp.Exam.EntityFrameworkCore", "src\SuperAbp.Exam.EntityFrameworkCore\SuperAbp.Exam.EntityFrameworkCore.csproj", "{34F293F8-B2AB-4704-AABB-32FA4D092DC1}"
EndProject
Project("{9A19103F-16F7-4668-BE54-9A1E7A4F7556}") = "SuperAbp.Exam.Application", "src\SuperAbp.Exam.Application\SuperAbp.Exam.Application.csproj", "{D44A4F4B-D6E3-4C60-928D-E992156C76BE}"
EndProject
Project("{9A19103F-16F7-4668-BE54-9A1E7A4F7556}") = "SuperAbp.Exam.Application.Contracts", "src\SuperAbp.Exam.Application.Contracts\SuperAbp.Exam.Application.Contracts.csproj", "{D0C6141A-4923-417B-B41A-1465EC22D32F}"
EndProject
Project("{9A19103F-16F7-4668-BE54-9A1E7A4F7556}") = "SuperAbp.Exam.Application.Contracts.Shared", "src\SuperAbp.Exam.Application.Contracts.Shared\SuperAbp.Exam.Application.Contracts.Shared.csproj", "{0C24F031-EE2A-4348-8AF1-69F81E2B8C75}"
EndProject
Project("{9A19103F-16F7-4668-BE54-9A1E7A4F7556}") = "SuperAbp.Exam.HttpApi", "src\SuperAbp.Exam.HttpApi\SuperAbp.Exam.HttpApi.csproj", "{F594F1AE-3D83-4392-A194-1416FE48CA1F}"
EndProject
Project("{9A19103F-16F7-4668-BE54-9A1E7A4F7556}") = "SuperAbp.Exam.HttpApi.Host", "src\SuperAbp.Exam.HttpApi.Host\SuperAbp.Exam.HttpApi.Host.csproj", "{B181F3DC-A2D4-4188-88F6-60E3211D85D0}"
EndProject
Project("{9A19103F-16F7-4668-BE54-9A1E7A4F7556}") = "SuperAbp.Exam.Blazor", "src\SuperAbp.Exam.Blazor\SuperAbp.Exam.Blazor.csproj", "{13DFB3BC-CA19-4971-8CD4-3C9899026C44}"
EndProject
Project("{9A19103F-16F7-4668-BE54-9A1E7A4F7556}") = "SuperAbp.Exam.HttpApi.Client", "src\SuperAbp.Exam.HttpApi.Client\SuperAbp.Exam.HttpApi.Client.csproj", "{DCCA2522-B6A8-47EA-AE53-05329453ADBC}"
EndProject
Project("{9A19103F-16F7-4668-BE54-9A1E7A4F7556}") = "SuperAbp.Exam.DbMigrator", "src\SuperAbp.Exam.DbMigrator\SuperAbp.Exam.DbMigrator.csproj", "{2EB41428-B888-4DC6-8E25-9DB2E31F5DEF}"
EndProject
Project("{9A19103F-16F7-4668-BE54-9A1E7A4F7556}") = "SuperAbp.Exam.AuthServer", "src\SuperAbp.Exam.AuthServer\SuperAbp.Exam.AuthServer.csproj", "{99D67717-345F-4945-B941-CE7B844D1E93}"
EndProject
Project("{9A19103F-16F7-4668-BE54-9A1E7A4F7556}") = "Volo.Abp.AspNetCore.Components.WebAssembly.Theming", "packages\Volo.Abp.AspNetCore.Components.WebAssembly.Theming\Volo.Abp.AspNetCore.Components.WebAssembly.Theming.csproj", "{7BA439E6-CFED-47F1-9B93-4D9377CC818C}"
EndProject
Project("{FAE04EC0-301F-11D3-BF4B-00C04F79EFBC}") = "ConsoleApp1", "ConsoleApp1\ConsoleApp1.csproj", "{304C2971-D982-4DE2-861A-1201EB8BDFCA}"
EndProject
Global
	GlobalSection(SolutionConfigurationPlatforms) = preSolution
		Debug|Any CPU = Debug|Any CPU
		Release|Any CPU = Release|Any CPU
	EndGlobalSection
	GlobalSection(ProjectConfigurationPlatforms) = postSolution
		{7E711CDC-8306-4C4E-A763-BA5DF688E355}.Debug|Any CPU.ActiveCfg = Debug|Any CPU
		{7E711CDC-8306-4C4E-A763-BA5DF688E355}.Debug|Any CPU.Build.0 = Debug|Any CPU
		{7E711CDC-8306-4C4E-A763-BA5DF688E355}.Release|Any CPU.ActiveCfg = Release|Any CPU
		{7E711CDC-8306-4C4E-A763-BA5DF688E355}.Release|Any CPU.Build.0 = Release|Any CPU
		{EC1D1398-C807-4E6D-B79A-2D57C7DA9FAB}.Debug|Any CPU.ActiveCfg = Debug|Any CPU
		{EC1D1398-C807-4E6D-B79A-2D57C7DA9FAB}.Debug|Any CPU.Build.0 = Debug|Any CPU
		{EC1D1398-C807-4E6D-B79A-2D57C7DA9FAB}.Release|Any CPU.ActiveCfg = Release|Any CPU
		{EC1D1398-C807-4E6D-B79A-2D57C7DA9FAB}.Release|Any CPU.Build.0 = Release|Any CPU
		{50B2631D-129C-47B3-A587-029CCD6099BC}.Debug|Any CPU.ActiveCfg = Debug|Any CPU
		{50B2631D-129C-47B3-A587-029CCD6099BC}.Debug|Any CPU.Build.0 = Debug|Any CPU
		{50B2631D-129C-47B3-A587-029CCD6099BC}.Release|Any CPU.ActiveCfg = Release|Any CPU
		{50B2631D-129C-47B3-A587-029CCD6099BC}.Release|Any CPU.Build.0 = Release|Any CPU
		{1FE30EB9-74A9-47F5-A9F6-7B1FAB672D81}.Debug|Any CPU.ActiveCfg = Debug|Any CPU
		{1FE30EB9-74A9-47F5-A9F6-7B1FAB672D81}.Debug|Any CPU.Build.0 = Debug|Any CPU
		{1FE30EB9-74A9-47F5-A9F6-7B1FAB672D81}.Release|Any CPU.ActiveCfg = Release|Any CPU
		{1FE30EB9-74A9-47F5-A9F6-7B1FAB672D81}.Release|Any CPU.Build.0 = Release|Any CPU
		{91853F21-9CD9-4132-BC29-A7D5D84FFFE7}.Debug|Any CPU.ActiveCfg = Debug|Any CPU
		{91853F21-9CD9-4132-BC29-A7D5D84FFFE7}.Debug|Any CPU.Build.0 = Debug|Any CPU
		{91853F21-9CD9-4132-BC29-A7D5D84FFFE7}.Release|Any CPU.ActiveCfg = Release|Any CPU
		{91853F21-9CD9-4132-BC29-A7D5D84FFFE7}.Release|Any CPU.Build.0 = Release|Any CPU
		{E512F4D9-9375-480F-A2F6-A46509F9D824}.Debug|Any CPU.ActiveCfg = Debug|Any CPU
		{E512F4D9-9375-480F-A2F6-A46509F9D824}.Debug|Any CPU.Build.0 = Debug|Any CPU
		{E512F4D9-9375-480F-A2F6-A46509F9D824}.Release|Any CPU.ActiveCfg = Release|Any CPU
		{E512F4D9-9375-480F-A2F6-A46509F9D824}.Release|Any CPU.Build.0 = Release|Any CPU
		{BC5BFB6A-164A-4000-B647-8086D8CB0BC0}.Debug|Any CPU.ActiveCfg = Debug|Any CPU
		{BC5BFB6A-164A-4000-B647-8086D8CB0BC0}.Debug|Any CPU.Build.0 = Debug|Any CPU
		{BC5BFB6A-164A-4000-B647-8086D8CB0BC0}.Release|Any CPU.ActiveCfg = Release|Any CPU
		{BC5BFB6A-164A-4000-B647-8086D8CB0BC0}.Release|Any CPU.Build.0 = Release|Any CPU
		{D52D89FF-7835-4074-A781-BBBBFE7BAA8C}.Debug|Any CPU.ActiveCfg = Debug|Any CPU
		{D52D89FF-7835-4074-A781-BBBBFE7BAA8C}.Debug|Any CPU.Build.0 = Debug|Any CPU
		{D52D89FF-7835-4074-A781-BBBBFE7BAA8C}.Release|Any CPU.ActiveCfg = Release|Any CPU
		{D52D89FF-7835-4074-A781-BBBBFE7BAA8C}.Release|Any CPU.Build.0 = Release|Any CPU
		{6F05C540-A941-4CB2-830E-EB75CBEED6F0}.Debug|Any CPU.ActiveCfg = Debug|Any CPU
		{6F05C540-A941-4CB2-830E-EB75CBEED6F0}.Debug|Any CPU.Build.0 = Debug|Any CPU
		{6F05C540-A941-4CB2-830E-EB75CBEED6F0}.Release|Any CPU.ActiveCfg = Release|Any CPU
		{6F05C540-A941-4CB2-830E-EB75CBEED6F0}.Release|Any CPU.Build.0 = Release|Any CPU
		{5F290B50-3CF6-40C7-A36D-C32A236C9352}.Debug|Any CPU.ActiveCfg = Debug|Any CPU
		{5F290B50-3CF6-40C7-A36D-C32A236C9352}.Debug|Any CPU.Build.0 = Debug|Any CPU
		{5F290B50-3CF6-40C7-A36D-C32A236C9352}.Release|Any CPU.ActiveCfg = Release|Any CPU
		{5F290B50-3CF6-40C7-A36D-C32A236C9352}.Release|Any CPU.Build.0 = Release|Any CPU
		{5429A0C1-F3D3-46DF-A63A-2A771AF9974C}.Debug|Any CPU.ActiveCfg = Debug|Any CPU
		{5429A0C1-F3D3-46DF-A63A-2A771AF9974C}.Debug|Any CPU.Build.0 = Debug|Any CPU
		{5429A0C1-F3D3-46DF-A63A-2A771AF9974C}.Release|Any CPU.ActiveCfg = Release|Any CPU
		{5429A0C1-F3D3-46DF-A63A-2A771AF9974C}.Release|Any CPU.Build.0 = Release|Any CPU
		{E4C3D6D1-421F-423B-8EAB-8D34C24178C5}.Debug|Any CPU.ActiveCfg = Debug|Any CPU
		{E4C3D6D1-421F-423B-8EAB-8D34C24178C5}.Debug|Any CPU.Build.0 = Debug|Any CPU
		{E4C3D6D1-421F-423B-8EAB-8D34C24178C5}.Release|Any CPU.ActiveCfg = Release|Any CPU
		{E4C3D6D1-421F-423B-8EAB-8D34C24178C5}.Release|Any CPU.Build.0 = Release|Any CPU
		{34F293F8-B2AB-4704-AABB-32FA4D092DC1}.Debug|Any CPU.ActiveCfg = Debug|Any CPU
		{34F293F8-B2AB-4704-AABB-32FA4D092DC1}.Debug|Any CPU.Build.0 = Debug|Any CPU
		{34F293F8-B2AB-4704-AABB-32FA4D092DC1}.Release|Any CPU.ActiveCfg = Release|Any CPU
		{34F293F8-B2AB-4704-AABB-32FA4D092DC1}.Release|Any CPU.Build.0 = Release|Any CPU
		{D44A4F4B-D6E3-4C60-928D-E992156C76BE}.Debug|Any CPU.ActiveCfg = Debug|Any CPU
		{D44A4F4B-D6E3-4C60-928D-E992156C76BE}.Debug|Any CPU.Build.0 = Debug|Any CPU
		{D44A4F4B-D6E3-4C60-928D-E992156C76BE}.Release|Any CPU.ActiveCfg = Release|Any CPU
		{D44A4F4B-D6E3-4C60-928D-E992156C76BE}.Release|Any CPU.Build.0 = Release|Any CPU
		{D0C6141A-4923-417B-B41A-1465EC22D32F}.Debug|Any CPU.ActiveCfg = Debug|Any CPU
		{D0C6141A-4923-417B-B41A-1465EC22D32F}.Debug|Any CPU.Build.0 = Debug|Any CPU
		{D0C6141A-4923-417B-B41A-1465EC22D32F}.Release|Any CPU.ActiveCfg = Release|Any CPU
		{D0C6141A-4923-417B-B41A-1465EC22D32F}.Release|Any CPU.Build.0 = Release|Any CPU
		{0C24F031-EE2A-4348-8AF1-69F81E2B8C75}.Debug|Any CPU.ActiveCfg = Debug|Any CPU
		{0C24F031-EE2A-4348-8AF1-69F81E2B8C75}.Debug|Any CPU.Build.0 = Debug|Any CPU
		{0C24F031-EE2A-4348-8AF1-69F81E2B8C75}.Release|Any CPU.ActiveCfg = Release|Any CPU
		{0C24F031-EE2A-4348-8AF1-69F81E2B8C75}.Release|Any CPU.Build.0 = Release|Any CPU
		{F594F1AE-3D83-4392-A194-1416FE48CA1F}.Debug|Any CPU.ActiveCfg = Debug|Any CPU
		{F594F1AE-3D83-4392-A194-1416FE48CA1F}.Debug|Any CPU.Build.0 = Debug|Any CPU
		{F594F1AE-3D83-4392-A194-1416FE48CA1F}.Release|Any CPU.ActiveCfg = Release|Any CPU
		{F594F1AE-3D83-4392-A194-1416FE48CA1F}.Release|Any CPU.Build.0 = Release|Any CPU
		{B181F3DC-A2D4-4188-88F6-60E3211D85D0}.Debug|Any CPU.ActiveCfg = Debug|Any CPU
		{B181F3DC-A2D4-4188-88F6-60E3211D85D0}.Debug|Any CPU.Build.0 = Debug|Any CPU
		{B181F3DC-A2D4-4188-88F6-60E3211D85D0}.Release|Any CPU.ActiveCfg = Release|Any CPU
		{B181F3DC-A2D4-4188-88F6-60E3211D85D0}.Release|Any CPU.Build.0 = Release|Any CPU
		{13DFB3BC-CA19-4971-8CD4-3C9899026C44}.Debug|Any CPU.ActiveCfg = Debug|Any CPU
		{13DFB3BC-CA19-4971-8CD4-3C9899026C44}.Debug|Any CPU.Build.0 = Debug|Any CPU
		{13DFB3BC-CA19-4971-8CD4-3C9899026C44}.Release|Any CPU.ActiveCfg = Release|Any CPU
		{13DFB3BC-CA19-4971-8CD4-3C9899026C44}.Release|Any CPU.Build.0 = Release|Any CPU
		{DCCA2522-B6A8-47EA-AE53-05329453ADBC}.Debug|Any CPU.ActiveCfg = Debug|Any CPU
		{DCCA2522-B6A8-47EA-AE53-05329453ADBC}.Debug|Any CPU.Build.0 = Debug|Any CPU
		{DCCA2522-B6A8-47EA-AE53-05329453ADBC}.Release|Any CPU.ActiveCfg = Release|Any CPU
		{DCCA2522-B6A8-47EA-AE53-05329453ADBC}.Release|Any CPU.Build.0 = Release|Any CPU
		{2EB41428-B888-4DC6-8E25-9DB2E31F5DEF}.Debug|Any CPU.ActiveCfg = Debug|Any CPU
		{2EB41428-B888-4DC6-8E25-9DB2E31F5DEF}.Debug|Any CPU.Build.0 = Debug|Any CPU
		{2EB41428-B888-4DC6-8E25-9DB2E31F5DEF}.Release|Any CPU.ActiveCfg = Release|Any CPU
		{2EB41428-B888-4DC6-8E25-9DB2E31F5DEF}.Release|Any CPU.Build.0 = Release|Any CPU
		{99D67717-345F-4945-B941-CE7B844D1E93}.Debug|Any CPU.ActiveCfg = Debug|Any CPU
		{99D67717-345F-4945-B941-CE7B844D1E93}.Debug|Any CPU.Build.0 = Debug|Any CPU
		{99D67717-345F-4945-B941-CE7B844D1E93}.Release|Any CPU.ActiveCfg = Release|Any CPU
		{99D67717-345F-4945-B941-CE7B844D1E93}.Release|Any CPU.Build.0 = Release|Any CPU
		{7BA439E6-CFED-47F1-9B93-4D9377CC818C}.Debug|Any CPU.ActiveCfg = Debug|Any CPU
		{7BA439E6-CFED-47F1-9B93-4D9377CC818C}.Debug|Any CPU.Build.0 = Debug|Any CPU
		{7BA439E6-CFED-47F1-9B93-4D9377CC818C}.Release|Any CPU.ActiveCfg = Release|Any CPU
		{7BA439E6-CFED-47F1-9B93-4D9377CC818C}.Release|Any CPU.Build.0 = Release|Any CPU
		{304C2971-D982-4DE2-861A-1201EB8BDFCA}.Debug|Any CPU.ActiveCfg = Debug|Any CPU
		{304C2971-D982-4DE2-861A-1201EB8BDFCA}.Debug|Any CPU.Build.0 = Debug|Any CPU
		{304C2971-D982-4DE2-861A-1201EB8BDFCA}.Release|Any CPU.ActiveCfg = Release|Any CPU
		{304C2971-D982-4DE2-861A-1201EB8BDFCA}.Release|Any CPU.Build.0 = Release|Any CPU
	EndGlobalSection
	GlobalSection(SolutionProperties) = preSolution
		HideSolutionNode = FALSE
	EndGlobalSection
	GlobalSection(NestedProjects) = preSolution
		{7E711CDC-8306-4C4E-A763-BA5DF688E355} = {CA9AC87F-097E-4F15-8393-4BC07735A5B0}
		{EC1D1398-C807-4E6D-B79A-2D57C7DA9FAB} = {CA9AC87F-097E-4F15-8393-4BC07735A5B0}
		{50B2631D-129C-47B3-A587-029CCD6099BC} = {04DBDB01-70F4-4E06-B468-8F87850B22BE}
		{1FE30EB9-74A9-47F5-A9F6-7B1FAB672D81} = {04DBDB01-70F4-4E06-B468-8F87850B22BE}
		{91853F21-9CD9-4132-BC29-A7D5D84FFFE7} = {04DBDB01-70F4-4E06-B468-8F87850B22BE}
		{E512F4D9-9375-480F-A2F6-A46509F9D824} = {04DBDB01-70F4-4E06-B468-8F87850B22BE}
		{828EF445-0C48-483F-85A3-DF3DE3FC93DF} = {CA9AC87F-097E-4F15-8393-4BC07735A5B0}
		{223EBA88-6218-4B30-B1A8-535356ED0F6E} = {CA9AC87F-097E-4F15-8393-4BC07735A5B0}
		{7817B89A-5842-462B-92DF-4F862C5BFA9F} = {CA9AC87F-097E-4F15-8393-4BC07735A5B0}
		{BC5BFB6A-164A-4000-B647-8086D8CB0BC0} = {828EF445-0C48-483F-85A3-DF3DE3FC93DF}
		{D52D89FF-7835-4074-A781-BBBBFE7BAA8C} = {828EF445-0C48-483F-85A3-DF3DE3FC93DF}
		{6F05C540-A941-4CB2-830E-EB75CBEED6F0} = {828EF445-0C48-483F-85A3-DF3DE3FC93DF}
		{5F290B50-3CF6-40C7-A36D-C32A236C9352} = {828EF445-0C48-483F-85A3-DF3DE3FC93DF}
		{5429A0C1-F3D3-46DF-A63A-2A771AF9974C} = {223EBA88-6218-4B30-B1A8-535356ED0F6E}
		{E4C3D6D1-421F-423B-8EAB-8D34C24178C5} = {223EBA88-6218-4B30-B1A8-535356ED0F6E}
		{34F293F8-B2AB-4704-AABB-32FA4D092DC1} = {223EBA88-6218-4B30-B1A8-535356ED0F6E}
		{D44A4F4B-D6E3-4C60-928D-E992156C76BE} = {7817B89A-5842-462B-92DF-4F862C5BFA9F}
		{D0C6141A-4923-417B-B41A-1465EC22D32F} = {7817B89A-5842-462B-92DF-4F862C5BFA9F}
		{0C24F031-EE2A-4348-8AF1-69F81E2B8C75} = {CA9AC87F-097E-4F15-8393-4BC07735A5B0}
		{F594F1AE-3D83-4392-A194-1416FE48CA1F} = {7817B89A-5842-462B-92DF-4F862C5BFA9F}
		{B181F3DC-A2D4-4188-88F6-60E3211D85D0} = {7817B89A-5842-462B-92DF-4F862C5BFA9F}
		{13DFB3BC-CA19-4971-8CD4-3C9899026C44} = {7817B89A-5842-462B-92DF-4F862C5BFA9F}
		{DCCA2522-B6A8-47EA-AE53-05329453ADBC} = {7817B89A-5842-462B-92DF-4F862C5BFA9F}
		{2EB41428-B888-4DC6-8E25-9DB2E31F5DEF} = {CA9AC87F-097E-4F15-8393-4BC07735A5B0}
		{99D67717-345F-4945-B941-CE7B844D1E93} = {CA9AC87F-097E-4F15-8393-4BC07735A5B0}
		{7BA439E6-CFED-47F1-9B93-4D9377CC818C} = {CA9AC87F-097E-4F15-8393-4BC07735A5B0}
	EndGlobalSection
	GlobalSection(ExtensibilityGlobals) = postSolution
		SolutionGuid = {28315BFD-90E7-4E14-A2EA-F3D23AF4126F}
	EndGlobalSection
EndGlobal
