
Microsoft Visual Studio Solution File, Format Version 12.00
# Visual Studio Version 17
VisualStudioVersion = 17.3.32811.315
MinimumVisualStudioVersion = 10.0.40219.1
Project("{9A19103F-16F7-4668-BE54-9A1E7A4F7556}") = "SuperAbp.Exam.Domain", "src\SuperAbp.Exam.Domain\SuperAbp.Exam.Domain.csproj", "{554AD327-6DBA-4F8F-96F8-81CE7A0C863F}"
EndProject
Project("{9A19103F-16F7-4668-BE54-9A1E7A4F7556}") = "SuperAbp.Exam.EntityFrameworkCore", "src\SuperAbp.Exam.EntityFrameworkCore\SuperAbp.Exam.EntityFrameworkCore.csproj", "{C956DD76-69C8-4A9C-83EA-D17DF83340FD}"
EndProject
Project("{2150E333-8FDC-42A3-9474-1A3956D46DE8}") = "src", "src", "{CA9AC87F-097E-4F15-8393-4BC07735A5B0}"
EndProject
Project("{2150E333-8FDC-42A3-9474-1A3956D46DE8}") = "test", "test", "{04DBDB01-70F4-4E06-B468-8F87850B22BE}"
EndProject
Project("{9A19103F-16F7-4668-BE54-9A1E7A4F7556}") = "SuperAbp.Exam.Application.Tests", "test\SuperAbp.Exam.Application.Tests\SuperAbp.Exam.Application.Tests.csproj", "{50B2631D-129C-47B3-A587-029CCD6099BC}"
EndProject
Project("{9A19103F-16F7-4668-BE54-9A1E7A4F7556}") = "SuperAbp.Exam.Domain.Shared", "src\SuperAbp.Exam.Domain.Shared\SuperAbp.Exam.Domain.Shared.csproj", "{42F719ED-8413-4895-B5B4-5AB56079BC66}"
EndProject
Project("{9A19103F-16F7-4668-BE54-9A1E7A4F7556}") = "SuperAbp.Exam.EntityFrameworkCore.Tests", "test\SuperAbp.Exam.EntityFrameworkCore.Tests\SuperAbp.Exam.EntityFrameworkCore.Tests.csproj", "{1FE30EB9-74A9-47F5-A9F6-7B1FAB672D81}"
EndProject
Project("{9A19103F-16F7-4668-BE54-9A1E7A4F7556}") = "SuperAbp.Exam.TestBase", "test\SuperAbp.Exam.TestBase\SuperAbp.Exam.TestBase.csproj", "{91853F21-9CD9-4132-BC29-A7D5D84FFFE7}"
EndProject
Project("{9A19103F-16F7-4668-BE54-9A1E7A4F7556}") = "SuperAbp.Exam.Domain.Tests", "test\SuperAbp.Exam.Domain.Tests\SuperAbp.Exam.Domain.Tests.csproj", "{E512F4D9-9375-480F-A2F6-A46509F9D824}"
EndProject
Project("{9A19103F-16F7-4668-BE54-9A1E7A4F7556}") = "SuperAbp.Exam.DbMigrator", "src\SuperAbp.Exam.DbMigrator\SuperAbp.Exam.DbMigrator.csproj", "{AA94D832-1CCC-4715-95A9-A483F23A1A5D}"
EndProject
Project("{2150E333-8FDC-42A3-9474-1A3956D46DE8}") = "admin", "admin", "{828EF445-0C48-483F-85A3-DF3DE3FC93DF}"
EndProject
Project("{2150E333-8FDC-42A3-9474-1A3956D46DE8}") = "domain", "domain", "{223EBA88-6218-4B30-B1A8-535356ED0F6E}"
EndProject
Project("{2150E333-8FDC-42A3-9474-1A3956D46DE8}") = "public", "public", "{7817B89A-5842-462B-92DF-4F862C5BFA9F}"
EndProject
Project("{9A19103F-16F7-4668-BE54-9A1E7A4F7556}") = "SuperAbp.Exam.Admin.Application", "src\SuperAbp.Exam.Admin.Application\SuperAbp.Exam.Admin.Application.csproj", "{BC5BFB6A-164A-4000-B647-8086D8CB0BC0}"
EndProject
Project("{9A19103F-16F7-4668-BE54-9A1E7A4F7556}") = "SuperAbp.Exam.Admin.Application.Contracts", "src\SuperAbp.Exam.Admin.Application.Contracts\SuperAbp.Exam.Admin.Application.Contracts.csproj", "{D52D89FF-7835-4074-A781-BBBBFE7BAA8C}"
EndProject
Project("{9A19103F-16F7-4668-BE54-9A1E7A4F7556}") = "SuperAbp.Exam.Admin.HttpApi", "src\SuperAbp.Exam.Admin.HttpApi\SuperAbp.Exam.Admin.HttpApi.csproj", "{6F05C540-A941-4CB2-830E-EB75CBEED6F0}"
EndProject
Project("{9A19103F-16F7-4668-BE54-9A1E7A4F7556}") = "SuperAbp.Exam.Admin.HttpApi.Host", "src\SuperAbp.Exam.Admin.HttpApi.Host\SuperAbp.Exam.Admin.HttpApi.Host.csproj", "{5F290B50-3CF6-40C7-A36D-C32A236C9352}"
EndProject
Project("{9A19103F-16F7-4668-BE54-9A1E7A4F7556}") = "SuperAbp.Exam.Application.Contracts.Shared", "src\SuperAbp.Exam.Application.Contracts.Shared\SuperAbp.Exam.Application.Contracts.Shared.csproj", "{876D6AAA-7346-412B-97C0-55C0242FFBC9}"
EndProject
Project("{9A19103F-16F7-4668-BE54-9A1E7A4F7556}") = "SuperAbp.Exam.HttpApi.Client", "src\SuperAbp.Exam.HttpApi.Client\SuperAbp.Exam.HttpApi.Client.csproj", "{2E43F173-1ADC-453B-A228-0E01EDD8CA96}"
EndProject
Project("{9A19103F-16F7-4668-BE54-9A1E7A4F7556}") = "SuperAbp.Exam.HttpApi.Host", "src\SuperAbp.Exam.HttpApi.Host\SuperAbp.Exam.HttpApi.Host.csproj", "{C635264C-E6DF-4C0F-AE65-EA2D1FA8F697}"
EndProject
Project("{9A19103F-16F7-4668-BE54-9A1E7A4F7556}") = "SuperAbp.Exam.Application", "src\SuperAbp.Exam.Application\SuperAbp.Exam.Application.csproj", "{330A3239-F50C-436F-BC8B-2D8B083E1D66}"
EndProject
Project("{9A19103F-16F7-4668-BE54-9A1E7A4F7556}") = "SuperAbp.Exam.Application.Contracts", "src\SuperAbp.Exam.Application.Contracts\SuperAbp.Exam.Application.Contracts.csproj", "{AE0B9B32-99CE-4F8F-876C-E1325AB23FFB}"
EndProject
Project("{9A19103F-16F7-4668-BE54-9A1E7A4F7556}") = "SuperAbp.Exam.HttpApi", "src\SuperAbp.Exam.HttpApi\SuperAbp.Exam.HttpApi.csproj", "{E5ADAB00-DEA1-48C7-A21B-8199BBA5B76C}"
EndProject
Project("{9A19103F-16F7-4668-BE54-9A1E7A4F7556}") = "SuperAbp.Exam.Blazor", "src\SuperAbp.Exam.Blazor\SuperAbp.Exam.Blazor.csproj", "{58416733-08D6-47B1-A30E-4BCCFBB46B00}"
EndProject
Global
	GlobalSection(SolutionConfigurationPlatforms) = preSolution
		Debug|Any CPU = Debug|Any CPU
		Release|Any CPU = Release|Any CPU
	EndGlobalSection
	GlobalSection(ProjectConfigurationPlatforms) = postSolution
		{554AD327-6DBA-4F8F-96F8-81CE7A0C863F}.Debug|Any CPU.ActiveCfg = Debug|Any CPU
		{554AD327-6DBA-4F8F-96F8-81CE7A0C863F}.Debug|Any CPU.Build.0 = Debug|Any CPU
		{554AD327-6DBA-4F8F-96F8-81CE7A0C863F}.Release|Any CPU.ActiveCfg = Release|Any CPU
		{554AD327-6DBA-4F8F-96F8-81CE7A0C863F}.Release|Any CPU.Build.0 = Release|Any CPU
		{C956DD76-69C8-4A9C-83EA-D17DF83340FD}.Debug|Any CPU.ActiveCfg = Debug|Any CPU
		{C956DD76-69C8-4A9C-83EA-D17DF83340FD}.Debug|Any CPU.Build.0 = Debug|Any CPU
		{C956DD76-69C8-4A9C-83EA-D17DF83340FD}.Release|Any CPU.ActiveCfg = Release|Any CPU
		{C956DD76-69C8-4A9C-83EA-D17DF83340FD}.Release|Any CPU.Build.0 = Release|Any CPU
		{50B2631D-129C-47B3-A587-029CCD6099BC}.Debug|Any CPU.ActiveCfg = Debug|Any CPU
		{50B2631D-129C-47B3-A587-029CCD6099BC}.Debug|Any CPU.Build.0 = Debug|Any CPU
		{50B2631D-129C-47B3-A587-029CCD6099BC}.Release|Any CPU.ActiveCfg = Release|Any CPU
		{50B2631D-129C-47B3-A587-029CCD6099BC}.Release|Any CPU.Build.0 = Release|Any CPU
		{42F719ED-8413-4895-B5B4-5AB56079BC66}.Debug|Any CPU.ActiveCfg = Debug|Any CPU
		{42F719ED-8413-4895-B5B4-5AB56079BC66}.Debug|Any CPU.Build.0 = Debug|Any CPU
		{42F719ED-8413-4895-B5B4-5AB56079BC66}.Release|Any CPU.ActiveCfg = Release|Any CPU
		{42F719ED-8413-4895-B5B4-5AB56079BC66}.Release|Any CPU.Build.0 = Release|Any CPU
		{1FE30EB9-74A9-47F5-A9F6-7B1FAB672D81}.Debug|Any CPU.ActiveCfg = Debug|Any CPU
		{1FE30EB9-74A9-47F5-A9F6-7B1FAB672D81}.Debug|Any CPU.Build.0 = Debug|Any CPU
		{1FE30EB9-74A9-47F5-A9F6-7B1FAB672D81}.Release|Any CPU.ActiveCfg = Release|Any CPU
		{1FE30EB9-74A9-47F5-A9F6-7B1FAB672D81}.Release|Any CPU.Build.0 = Release|Any CPU
		{91853F21-9CD9-4132-BC29-A7D5D84FFFE7}.Debug|Any CPU.ActiveCfg = Debug|Any CPU
		{91853F21-9CD9-4132-BC29-A7D5D84FFFE7}.Debug|Any CPU.Build.0 = Debug|Any CPU
		{91853F21-9CD9-4132-BC29-A7D5D84FFFE7}.Release|Any CPU.ActiveCfg = Release|Any CPU
		{91853F21-9CD9-4132-BC29-A7D5D84FFFE7}.Release|Any CPU.Build.0 = Release|Any CPU
		{E512F4D9-9375-480F-A2F6-A46509F9D824}.Debug|Any CPU.ActiveCfg = Debug|Any CPU
		{E512F4D9-9375-480F-A2F6-A46509F9D824}.Debug|Any CPU.Build.0 = Debug|Any CPU
		{E512F4D9-9375-480F-A2F6-A46509F9D824}.Release|Any CPU.ActiveCfg = Release|Any CPU
		{E512F4D9-9375-480F-A2F6-A46509F9D824}.Release|Any CPU.Build.0 = Release|Any CPU
		{AA94D832-1CCC-4715-95A9-A483F23A1A5D}.Debug|Any CPU.ActiveCfg = Debug|Any CPU
		{AA94D832-1CCC-4715-95A9-A483F23A1A5D}.Debug|Any CPU.Build.0 = Debug|Any CPU
		{AA94D832-1CCC-4715-95A9-A483F23A1A5D}.Release|Any CPU.ActiveCfg = Release|Any CPU
		{AA94D832-1CCC-4715-95A9-A483F23A1A5D}.Release|Any CPU.Build.0 = Release|Any CPU
		{BC5BFB6A-164A-4000-B647-8086D8CB0BC0}.Debug|Any CPU.ActiveCfg = Debug|Any CPU
		{BC5BFB6A-164A-4000-B647-8086D8CB0BC0}.Debug|Any CPU.Build.0 = Debug|Any CPU
		{BC5BFB6A-164A-4000-B647-8086D8CB0BC0}.Release|Any CPU.ActiveCfg = Release|Any CPU
		{BC5BFB6A-164A-4000-B647-8086D8CB0BC0}.Release|Any CPU.Build.0 = Release|Any CPU
		{D52D89FF-7835-4074-A781-BBBBFE7BAA8C}.Debug|Any CPU.ActiveCfg = Debug|Any CPU
		{D52D89FF-7835-4074-A781-BBBBFE7BAA8C}.Debug|Any CPU.Build.0 = Debug|Any CPU
		{D52D89FF-7835-4074-A781-BBBBFE7BAA8C}.Release|Any CPU.ActiveCfg = Release|Any CPU
		{D52D89FF-7835-4074-A781-BBBBFE7BAA8C}.Release|Any CPU.Build.0 = Release|Any CPU
		{6F05C540-A941-4CB2-830E-EB75CBEED6F0}.Debug|Any CPU.ActiveCfg = Debug|Any CPU
		{6F05C540-A941-4CB2-830E-EB75CBEED6F0}.Debug|Any CPU.Build.0 = Debug|Any CPU
		{6F05C540-A941-4CB2-830E-EB75CBEED6F0}.Release|Any CPU.ActiveCfg = Release|Any CPU
		{6F05C540-A941-4CB2-830E-EB75CBEED6F0}.Release|Any CPU.Build.0 = Release|Any CPU
		{5F290B50-3CF6-40C7-A36D-C32A236C9352}.Debug|Any CPU.ActiveCfg = Debug|Any CPU
		{5F290B50-3CF6-40C7-A36D-C32A236C9352}.Debug|Any CPU.Build.0 = Debug|Any CPU
		{5F290B50-3CF6-40C7-A36D-C32A236C9352}.Release|Any CPU.ActiveCfg = Release|Any CPU
		{5F290B50-3CF6-40C7-A36D-C32A236C9352}.Release|Any CPU.Build.0 = Release|Any CPU
		{876D6AAA-7346-412B-97C0-55C0242FFBC9}.Debug|Any CPU.ActiveCfg = Debug|Any CPU
		{876D6AAA-7346-412B-97C0-55C0242FFBC9}.Debug|Any CPU.Build.0 = Debug|Any CPU
		{876D6AAA-7346-412B-97C0-55C0242FFBC9}.Release|Any CPU.ActiveCfg = Release|Any CPU
		{876D6AAA-7346-412B-97C0-55C0242FFBC9}.Release|Any CPU.Build.0 = Release|Any CPU
		{2E43F173-1ADC-453B-A228-0E01EDD8CA96}.Debug|Any CPU.ActiveCfg = Debug|Any CPU
		{2E43F173-1ADC-453B-A228-0E01EDD8CA96}.Debug|Any CPU.Build.0 = Debug|Any CPU
		{2E43F173-1ADC-453B-A228-0E01EDD8CA96}.Release|Any CPU.ActiveCfg = Release|Any CPU
		{2E43F173-1ADC-453B-A228-0E01EDD8CA96}.Release|Any CPU.Build.0 = Release|Any CPU
		{C635264C-E6DF-4C0F-AE65-EA2D1FA8F697}.Debug|Any CPU.ActiveCfg = Debug|Any CPU
		{C635264C-E6DF-4C0F-AE65-EA2D1FA8F697}.Debug|Any CPU.Build.0 = Debug|Any CPU
		{C635264C-E6DF-4C0F-AE65-EA2D1FA8F697}.Release|Any CPU.ActiveCfg = Release|Any CPU
		{C635264C-E6DF-4C0F-AE65-EA2D1FA8F697}.Release|Any CPU.Build.0 = Release|Any CPU
		{330A3239-F50C-436F-BC8B-2D8B083E1D66}.Debug|Any CPU.ActiveCfg = Debug|Any CPU
		{330A3239-F50C-436F-BC8B-2D8B083E1D66}.Debug|Any CPU.Build.0 = Debug|Any CPU
		{330A3239-F50C-436F-BC8B-2D8B083E1D66}.Release|Any CPU.ActiveCfg = Release|Any CPU
		{330A3239-F50C-436F-BC8B-2D8B083E1D66}.Release|Any CPU.Build.0 = Release|Any CPU
		{AE0B9B32-99CE-4F8F-876C-E1325AB23FFB}.Debug|Any CPU.ActiveCfg = Debug|Any CPU
		{AE0B9B32-99CE-4F8F-876C-E1325AB23FFB}.Debug|Any CPU.Build.0 = Debug|Any CPU
		{AE0B9B32-99CE-4F8F-876C-E1325AB23FFB}.Release|Any CPU.ActiveCfg = Release|Any CPU
		{AE0B9B32-99CE-4F8F-876C-E1325AB23FFB}.Release|Any CPU.Build.0 = Release|Any CPU
		{E5ADAB00-DEA1-48C7-A21B-8199BBA5B76C}.Debug|Any CPU.ActiveCfg = Debug|Any CPU
		{E5ADAB00-DEA1-48C7-A21B-8199BBA5B76C}.Debug|Any CPU.Build.0 = Debug|Any CPU
		{E5ADAB00-DEA1-48C7-A21B-8199BBA5B76C}.Release|Any CPU.ActiveCfg = Release|Any CPU
		{E5ADAB00-DEA1-48C7-A21B-8199BBA5B76C}.Release|Any CPU.Build.0 = Release|Any CPU
		{58416733-08D6-47B1-A30E-4BCCFBB46B00}.Debug|Any CPU.ActiveCfg = Debug|Any CPU
		{58416733-08D6-47B1-A30E-4BCCFBB46B00}.Debug|Any CPU.Build.0 = Debug|Any CPU
		{58416733-08D6-47B1-A30E-4BCCFBB46B00}.Release|Any CPU.ActiveCfg = Release|Any CPU
		{58416733-08D6-47B1-A30E-4BCCFBB46B00}.Release|Any CPU.Build.0 = Release|Any CPU
	EndGlobalSection
	GlobalSection(SolutionProperties) = preSolution
		HideSolutionNode = FALSE
	EndGlobalSection
	GlobalSection(NestedProjects) = preSolution
		{554AD327-6DBA-4F8F-96F8-81CE7A0C863F} = {223EBA88-6218-4B30-B1A8-535356ED0F6E}
		{C956DD76-69C8-4A9C-83EA-D17DF83340FD} = {223EBA88-6218-4B30-B1A8-535356ED0F6E}
		{50B2631D-129C-47B3-A587-029CCD6099BC} = {04DBDB01-70F4-4E06-B468-8F87850B22BE}
		{42F719ED-8413-4895-B5B4-5AB56079BC66} = {223EBA88-6218-4B30-B1A8-535356ED0F6E}
		{1FE30EB9-74A9-47F5-A9F6-7B1FAB672D81} = {04DBDB01-70F4-4E06-B468-8F87850B22BE}
		{91853F21-9CD9-4132-BC29-A7D5D84FFFE7} = {04DBDB01-70F4-4E06-B468-8F87850B22BE}
		{E512F4D9-9375-480F-A2F6-A46509F9D824} = {04DBDB01-70F4-4E06-B468-8F87850B22BE}
		{AA94D832-1CCC-4715-95A9-A483F23A1A5D} = {CA9AC87F-097E-4F15-8393-4BC07735A5B0}
		{828EF445-0C48-483F-85A3-DF3DE3FC93DF} = {CA9AC87F-097E-4F15-8393-4BC07735A5B0}
		{223EBA88-6218-4B30-B1A8-535356ED0F6E} = {CA9AC87F-097E-4F15-8393-4BC07735A5B0}
		{7817B89A-5842-462B-92DF-4F862C5BFA9F} = {CA9AC87F-097E-4F15-8393-4BC07735A5B0}
		{BC5BFB6A-164A-4000-B647-8086D8CB0BC0} = {828EF445-0C48-483F-85A3-DF3DE3FC93DF}
		{D52D89FF-7835-4074-A781-BBBBFE7BAA8C} = {828EF445-0C48-483F-85A3-DF3DE3FC93DF}
		{6F05C540-A941-4CB2-830E-EB75CBEED6F0} = {828EF445-0C48-483F-85A3-DF3DE3FC93DF}
		{5F290B50-3CF6-40C7-A36D-C32A236C9352} = {828EF445-0C48-483F-85A3-DF3DE3FC93DF}
		{876D6AAA-7346-412B-97C0-55C0242FFBC9} = {CA9AC87F-097E-4F15-8393-4BC07735A5B0}
		{2E43F173-1ADC-453B-A228-0E01EDD8CA96} = {7817B89A-5842-462B-92DF-4F862C5BFA9F}
		{C635264C-E6DF-4C0F-AE65-EA2D1FA8F697} = {7817B89A-5842-462B-92DF-4F862C5BFA9F}
		{330A3239-F50C-436F-BC8B-2D8B083E1D66} = {7817B89A-5842-462B-92DF-4F862C5BFA9F}
		{AE0B9B32-99CE-4F8F-876C-E1325AB23FFB} = {7817B89A-5842-462B-92DF-4F862C5BFA9F}
		{E5ADAB00-DEA1-48C7-A21B-8199BBA5B76C} = {7817B89A-5842-462B-92DF-4F862C5BFA9F}
		{58416733-08D6-47B1-A30E-4BCCFBB46B00} = {7817B89A-5842-462B-92DF-4F862C5BFA9F}
	EndGlobalSection
	GlobalSection(ExtensibilityGlobals) = postSolution
		SolutionGuid = {28315BFD-90E7-4E14-A2EA-F3D23AF4126F}
	EndGlobalSection
EndGlobal
