# THIS IS AN AUTOGENERATED FILE. DO NOT EDIT THIS FILE DIRECTLY.
# yarn lockfile v1


"@abp/core@9.0.0":
  version "9.0.0"
  resolved "https://registry.yarnpkg.com/@abp/core/-/core-9.0.0.tgz#dc5ea9139957e307f73ac1f40b179f991e3c2168"
  integrity sha512-vzQyTpqVDx63pOI9e2QLUMWZCrSojHsRnzLlvl+/cKFi7jE1q/uSP66FPR2bwkD+DNLI/tn6is1Jx3skKA1FvA==
  dependencies:
    "@abp/utils" "~9.0.0"

"@abp/utils@~9.0.0":
  version "9.0.8"
  resolved "https://registry.yarnpkg.com/@abp/utils/-/utils-9.0.8.tgz#c1dd1403fd600bf22518d5adf2e89964c682ee21"
  integrity sha512-Rat+9cnnoIzhSs/ES9JP/Su+6VWotse5B3wcwRPbiQxCMYUNXQYHq5hTSyHhL2nHG2ox6BVur2jCIzNxXvqsBw==
  dependencies:
    just-compare "^2.3.0"

just-compare@^2.3.0:
  version "2.3.0"
  resolved "https://registry.yarnpkg.com/just-compare/-/just-compare-2.3.0.tgz#a2adcc1d1940536263275f5a1ef1298bcacfeda7"
  integrity sha512-6shoR7HDT+fzfL3gBahx1jZG3hWLrhPAf+l7nCwahDdT9XDtosB9kIF0ZrzUp5QY8dJWfQVr5rnsPqsbvflDzg==
